
Microsoft Visual Studio Solution File, Format Version 12.00
# Visual Studio Version 17
VisualStudioVersion = 17.5.33414.496
MinimumVisualStudioVersion = 10.0.40219.1
Project("{9A19103F-16F7-4668-BE54-9A1E7A4F7556}") = "LocalizationWpfDemo", "LocalizationWpfDemo\LocalizationWpfDemo.csproj", "{7F3FF860-3B4C-4626-AE73-7A6116CE06DB}"
EndProject
Project("{9A19103F-16F7-4668-BE54-9A1E7A4F7556}") = "LocalizationService", "LocalizationService\LocalizationService.csproj", "{5F9F88A3-F03C-48BC-851B-D37AD7498A08}"
EndProject
Project("{FAE04EC0-301F-11D3-BF4B-00C04F79EFBC}") = "ForeignEnumAssembly", "ForeignEnumAssembly\ForeignEnumAssembly.csproj", "{C82510C7-DA3A-4BD2-B28B-E8E2E1C854E0}"
EndProject
Global
	GlobalSection(SolutionConfigurationPlatforms) = preSolution
		Debug|Any CPU = Debug|Any CPU
		Release|Any CPU = Release|Any CPU
	EndGlobalSection
	GlobalSection(ProjectConfigurationPlatforms) = postSolution
		{7F3FF860-3B4C-4626-AE73-7A6116CE06DB}.Debug|Any CPU.ActiveCfg = Debug|Any CPU
		{7F3FF860-3B4C-4626-AE73-7A6116CE06DB}.Debug|Any CPU.Build.0 = Debug|Any CPU
		{7F3FF860-3B4C-4626-AE73-7A6116CE06DB}.Release|Any CPU.ActiveCfg = Release|Any CPU
		{7F3FF860-3B4C-4626-AE73-7A6116CE06DB}.Release|Any CPU.Build.0 = Release|Any CPU
		{5F9F88A3-F03C-48BC-851B-D37AD7498A08}.Debug|Any CPU.ActiveCfg = Debug|Any CPU
		{5F9F88A3-F03C-48BC-851B-D37AD7498A08}.Debug|Any CPU.Build.0 = Debug|Any CPU
		{5F9F88A3-F03C-48BC-851B-D37AD7498A08}.Release|Any CPU.ActiveCfg = Release|Any CPU
		{5F9F88A3-F03C-48BC-851B-D37AD7498A08}.Release|Any CPU.Build.0 = Release|Any CPU
		{C82510C7-DA3A-4BD2-B28B-E8E2E1C854E0}.Debug|Any CPU.ActiveCfg = Debug|Any CPU
		{C82510C7-DA3A-4BD2-B28B-E8E2E1C854E0}.Debug|Any CPU.Build.0 = Debug|Any CPU
		{C82510C7-DA3A-4BD2-B28B-E8E2E1C854E0}.Release|Any CPU.ActiveCfg = Release|Any CPU
		{C82510C7-DA3A-4BD2-B28B-E8E2E1C854E0}.Release|Any CPU.Build.0 = Release|Any CPU
	EndGlobalSection
	GlobalSection(SolutionProperties) = preSolution
		HideSolutionNode = FALSE
	EndGlobalSection
	GlobalSection(ExtensibilityGlobals) = postSolution
		SolutionGuid = {DE18968A-7F51-473A-B3CC-E77FE42D4F92}
	EndGlobalSection
EndGlobal
